// !$*UTF8*$!
{
	archiveVersion = 1;
	classes = {
	};
	objectVersion = 56;
	objects = {

/* Begin PBXBuildFile section */
		522C31992C9B3B89000F58E8 /* OnboardingPage3.swift in Sources */ = {isa = PBXBuildFile; fileRef = 522C31982C9B3B89000F58E8 /* OnboardingPage3.swift */; };
		522C319C2C9B42A6000F58E8 /* AppKeyEnum.swift in Sources */ = {isa = PBXBuildFile; fileRef = 522C319B2C9B42A6000F58E8 /* AppKeyEnum.swift */; };
		526E43382C98650C0017C3DE /* FinanceManagerApp.swift in Sources */ = {isa = PBXBuildFile; fileRef = 526E43372C98650C0017C3DE /* FinanceManagerApp.swift */; };
		526E433A2C98650C0017C3DE /* ContentView.swift in Sources */ = {isa = PBXBuildFile; fileRef = 526E43392C98650C0017C3DE /* ContentView.swift */; };
		526E433C2C98650F0017C3DE /* Assets.xcassets in Resources */ = {isa = PBXBuildFile; fileRef = 526E433B2C98650F0017C3DE /* Assets.xcassets */; };
		526E433F2C98650F0017C3DE /* Preview Assets.xcassets in Resources */ = {isa = PBXBuildFile; fileRef = 526E433E2C98650F0017C3DE /* Preview Assets.xcassets */; };
		526E43492C9865100017C3DE /* FinanceManagerTests.swift in Sources */ = {isa = PBXBuildFile; fileRef = 526E43482C9865100017C3DE /* FinanceManagerTests.swift */; };
		526E43532C9865100017C3DE /* FinanceManagerUITests.swift in Sources */ = {isa = PBXBuildFile; fileRef = 526E43522C9865100017C3DE /* FinanceManagerUITests.swift */; };
		526E43552C9865100017C3DE /* FinanceManagerUITestsLaunchTests.swift in Sources */ = {isa = PBXBuildFile; fileRef = 526E43542C9865100017C3DE /* FinanceManagerUITestsLaunchTests.swift */; };
		526E43662C98A1E30017C3DE /* OnboardingPage1.swift in Sources */ = {isa = PBXBuildFile; fileRef = 526E43652C98A1E30017C3DE /* OnboardingPage1.swift */; };
		528872E62C99944000704892 /* PreferenceRepository.swift in Sources */ = {isa = PBXBuildFile; fileRef = 528872E52C99944000704892 /* PreferenceRepository.swift */; };
		528872E82C999D4A00704892 /* onboardingPage2.swift in Sources */ = {isa = PBXBuildFile; fileRef = 528872E72C999D4A00704892 /* onboardingPage2.swift */; };
		528872EC2C9A005C00704892 /* OnboardingTopView.swift in Sources */ = {isa = PBXBuildFile; fileRef = 528872EB2C9A005C00704892 /* OnboardingTopView.swift */; };
		528872EE2C9A012600704892 /* OnboardingBottomView.swift in Sources */ = {isa = PBXBuildFile; fileRef = 528872ED2C9A012600704892 /* OnboardingBottomView.swift */; };
		528872F02C9A018400704892 /* OnboardingNextButtton.swift in Sources */ = {isa = PBXBuildFile; fileRef = 528872EF2C9A018400704892 /* OnboardingNextButtton.swift */; };
		529001362CA0644200E74455 /* DashboardView.swift in Sources */ = {isa = PBXBuildFile; fileRef = 529001352CA0644200E74455 /* DashboardView.swift */; };
		529001382CA0647A00E74455 /* Tab.swift in Sources */ = {isa = PBXBuildFile; fileRef = 529001372CA0647A00E74455 /* Tab.swift */; };
		5290013A2CA0735700E74455 /* TabShape.swift in Sources */ = {isa = PBXBuildFile; fileRef = 529001392CA0735700E74455 /* TabShape.swift */; };
		5290013E2CA076AD00E74455 /* TabPosition.swift in Sources */ = {isa = PBXBuildFile; fileRef = 5290013D2CA076AD00E74455 /* TabPosition.swift */; };
		529001422CA08F2A00E74455 /* HomeView.swift in Sources */ = {isa = PBXBuildFile; fileRef = 529001412CA08F2A00E74455 /* HomeView.swift */; };
		529001452CA0917500E74455 /* RecordsView.swift in Sources */ = {isa = PBXBuildFile; fileRef = 529001442CA0917500E74455 /* RecordsView.swift */; };
		529001482CA092B100E74455 /* BudgetView.swift in Sources */ = {isa = PBXBuildFile; fileRef = 529001472CA092B100E74455 /* BudgetView.swift */; };
		5290014B2CA092E000E74455 /* AccountView.swift in Sources */ = {isa = PBXBuildFile; fileRef = 5290014A2CA092E000E74455 /* AccountView.swift */; };
		5290014E2CA0931C00E74455 /* SettingView.swift in Sources */ = {isa = PBXBuildFile; fileRef = 5290014D2CA0931C00E74455 /* SettingView.swift */; };
		529001512CA1216900E74455 /* NotificationManager.swift in Sources */ = {isa = PBXBuildFile; fileRef = 529001502CA1216900E74455 /* NotificationManager.swift */; };
		529001562CA1282100E74455 /* DateTimePicker.swift in Sources */ = {isa = PBXBuildFile; fileRef = 529001552CA1282100E74455 /* DateTimePicker.swift */; };
		529001582CA1468700E74455 /* RecordsItem.swift in Sources */ = {isa = PBXBuildFile; fileRef = 529001572CA1468700E74455 /* RecordsItem.swift */; };
		5290015B2CA1DAC400E74455 /* AccountViewItem.swift in Sources */ = {isa = PBXBuildFile; fileRef = 5290015A2CA1DAC400E74455 /* AccountViewItem.swift */; };
		529001642CA322CF00E74455 /* GoogleService-Info.plist in Resources */ = {isa = PBXBuildFile; fileRef = 529001632CA322CF00E74455 /* GoogleService-Info.plist */; };
		529001672CA3258800E74455 /* FirebaseAnalytics in Frameworks */ = {isa = PBXBuildFile; productRef = 529001662CA3258800E74455 /* FirebaseAnalytics */; };
		529001692CA3258800E74455 /* FirebaseAnalyticsOnDeviceConversion in Frameworks */ = {isa = PBXBuildFile; productRef = 529001682CA3258800E74455 /* FirebaseAnalyticsOnDeviceConversion */; };
		5290016D2CA3258800E74455 /* FirebaseAppCheck in Frameworks */ = {isa = PBXBuildFile; productRef = 5290016C2CA3258800E74455 /* FirebaseAppCheck */; };
		5290016F2CA3258800E74455 /* FirebaseAppDistribution-Beta in Frameworks */ = {isa = PBXBuildFile; productRef = 5290016E2CA3258800E74455 /* FirebaseAppDistribution-Beta */; };
		529001712CA3258800E74455 /* FirebaseAuth in Frameworks */ = {isa = PBXBuildFile; productRef = 529001702CA3258800E74455 /* FirebaseAuth */; };
		529001732CA3258800E74455 /* FirebaseAuthCombine-Community in Frameworks */ = {isa = PBXBuildFile; productRef = 529001722CA3258800E74455 /* FirebaseAuthCombine-Community */; };
		529001752CA3258800E74455 /* FirebaseCrashlytics in Frameworks */ = {isa = PBXBuildFile; productRef = 529001742CA3258800E74455 /* FirebaseCrashlytics */; };
		529001772CA3258800E74455 /* FirebaseDatabase in Frameworks */ = {isa = PBXBuildFile; productRef = 529001762CA3258800E74455 /* FirebaseDatabase */; };
		529001792CA3258800E74455 /* FirebaseDynamicLinks in Frameworks */ = {isa = PBXBuildFile; productRef = 529001782CA3258800E74455 /* FirebaseDynamicLinks */; };
		5290017B2CA3258800E74455 /* FirebaseFirestore in Frameworks */ = {isa = PBXBuildFile; productRef = 5290017A2CA3258800E74455 /* FirebaseFirestore */; };
		5290017D2CA3258800E74455 /* FirebaseFirestoreCombine-Community in Frameworks */ = {isa = PBXBuildFile; productRef = 5290017C2CA3258800E74455 /* FirebaseFirestoreCombine-Community */; };
		5290017F2CA3258800E74455 /* FirebaseFunctions in Frameworks */ = {isa = PBXBuildFile; productRef = 5290017E2CA3258800E74455 /* FirebaseFunctions */; };
		529001812CA3258800E74455 /* FirebaseFunctionsCombine-Community in Frameworks */ = {isa = PBXBuildFile; productRef = 529001802CA3258800E74455 /* FirebaseFunctionsCombine-Community */; };
		529001832CA3258800E74455 /* FirebaseInAppMessaging-Beta in Frameworks */ = {isa = PBXBuildFile; productRef = 529001822CA3258800E74455 /* FirebaseInAppMessaging-Beta */; };
		529001852CA3258800E74455 /* FirebaseInstallations in Frameworks */ = {isa = PBXBuildFile; productRef = 529001842CA3258800E74455 /* FirebaseInstallations */; };
		529001872CA3258800E74455 /* FirebaseMLModelDownloader in Frameworks */ = {isa = PBXBuildFile; productRef = 529001862CA3258800E74455 /* FirebaseMLModelDownloader */; };
		529001892CA3258800E74455 /* FirebaseMessaging in Frameworks */ = {isa = PBXBuildFile; productRef = 529001882CA3258800E74455 /* FirebaseMessaging */; };
		5290018B2CA3258800E74455 /* FirebasePerformance in Frameworks */ = {isa = PBXBuildFile; productRef = 5290018A2CA3258800E74455 /* FirebasePerformance */; };
		5290018D2CA3258800E74455 /* FirebaseRemoteConfig in Frameworks */ = {isa = PBXBuildFile; productRef = 5290018C2CA3258800E74455 /* FirebaseRemoteConfig */; };
		5290018F2CA3258800E74455 /* FirebaseStorage in Frameworks */ = {isa = PBXBuildFile; productRef = 5290018E2CA3258800E74455 /* FirebaseStorage */; };
		529001912CA3258800E74455 /* FirebaseStorageCombine-Community in Frameworks */ = {isa = PBXBuildFile; productRef = 529001902CA3258800E74455 /* FirebaseStorageCombine-Community */; };
		529001932CA3258800E74455 /* FirebaseVertexAI-Preview in Frameworks */ = {isa = PBXBuildFile; productRef = 529001922CA3258800E74455 /* FirebaseVertexAI-Preview */; };
		5290019F2CA400FD00E74455 /* BudgetSetItemView.swift in Sources */ = {isa = PBXBuildFile; fileRef = 5290019E2CA400FD00E74455 /* BudgetSetItemView.swift */; };
		529001A92CA6027100E74455 /* PopUpview.swift in Sources */ = {isa = PBXBuildFile; fileRef = 529001A82CA6027100E74455 /* PopUpview.swift */; };
		52E5AB112CA730F800545E1D /* HomeViewTopBar.swift in Sources */ = {isa = PBXBuildFile; fileRef = 52E5AB102CA730F800545E1D /* HomeViewTopBar.swift */; };
		52E5AB132CA7316500545E1D /* BalanceCapsul.swift in Sources */ = {isa = PBXBuildFile; fileRef = 52E5AB122CA7316500545E1D /* BalanceCapsul.swift */; };
		52E5AB162CA7383D00545E1D /* Colors.swift in Sources */ = {isa = PBXBuildFile; fileRef = 52E5AB152CA7383D00545E1D /* Colors.swift */; };
		52E5AB182CA73C0800545E1D /* IconWIthBackgroundCell.swift in Sources */ = {isa = PBXBuildFile; fileRef = 52E5AB172CA73C0800545E1D /* IconWIthBackgroundCell.swift */; };
		52E5AB1B2CA8311E00545E1D /* CommonDetailsPageView.swift in Sources */ = {isa = PBXBuildFile; fileRef = 52E5AB1A2CA8311E00545E1D /* CommonDetailsPageView.swift */; };
/* End PBXBuildFile section */

/* Begin PBXContainerItemProxy section */
		526E43452C9865100017C3DE /* PBXContainerItemProxy */ = {
			isa = PBXContainerItemProxy;
			containerPortal = 526E432C2C98650C0017C3DE /* Project object */;
			proxyType = 1;
			remoteGlobalIDString = 526E43332C98650C0017C3DE;
			remoteInfo = FinanceManager;
		};
		526E434F2C9865100017C3DE /* PBXContainerItemProxy */ = {
			isa = PBXContainerItemProxy;
			containerPortal = 526E432C2C98650C0017C3DE /* Project object */;
			proxyType = 1;
			remoteGlobalIDString = 526E43332C98650C0017C3DE;
			remoteInfo = FinanceManager;
		};
/* End PBXContainerItemProxy section */

/* Begin PBXFileReference section */
		522C31982C9B3B89000F58E8 /* OnboardingPage3.swift */ = {isa = PBXFileReference; lastKnownFileType = sourcecode.swift; path = OnboardingPage3.swift; sourceTree = "<group>"; };
		522C319B2C9B42A6000F58E8 /* AppKeyEnum.swift */ = {isa = PBXFileReference; lastKnownFileType = sourcecode.swift; path = AppKeyEnum.swift; sourceTree = "<group>"; };
		526E43342C98650C0017C3DE /* FinanceManager.app */ = {isa = PBXFileReference; explicitFileType = wrapper.application; includeInIndex = 0; path = FinanceManager.app; sourceTree = BUILT_PRODUCTS_DIR; };
		526E43372C98650C0017C3DE /* FinanceManagerApp.swift */ = {isa = PBXFileReference; lastKnownFileType = sourcecode.swift; path = FinanceManagerApp.swift; sourceTree = "<group>"; };
		526E43392C98650C0017C3DE /* ContentView.swift */ = {isa = PBXFileReference; lastKnownFileType = sourcecode.swift; path = ContentView.swift; sourceTree = "<group>"; };
		526E433B2C98650F0017C3DE /* Assets.xcassets */ = {isa = PBXFileReference; lastKnownFileType = folder.assetcatalog; path = Assets.xcassets; sourceTree = "<group>"; };
		526E433E2C98650F0017C3DE /* Preview Assets.xcassets */ = {isa = PBXFileReference; lastKnownFileType = folder.assetcatalog; path = "Preview Assets.xcassets"; sourceTree = "<group>"; };
		526E43442C9865100017C3DE /* FinanceManagerTests.xctest */ = {isa = PBXFileReference; explicitFileType = wrapper.cfbundle; includeInIndex = 0; path = FinanceManagerTests.xctest; sourceTree = BUILT_PRODUCTS_DIR; };
		526E43482C9865100017C3DE /* FinanceManagerTests.swift */ = {isa = PBXFileReference; lastKnownFileType = sourcecode.swift; path = FinanceManagerTests.swift; sourceTree = "<group>"; };
		526E434E2C9865100017C3DE /* FinanceManagerUITests.xctest */ = {isa = PBXFileReference; explicitFileType = wrapper.cfbundle; includeInIndex = 0; path = FinanceManagerUITests.xctest; sourceTree = BUILT_PRODUCTS_DIR; };
		526E43522C9865100017C3DE /* FinanceManagerUITests.swift */ = {isa = PBXFileReference; lastKnownFileType = sourcecode.swift; path = FinanceManagerUITests.swift; sourceTree = "<group>"; };
		526E43542C9865100017C3DE /* FinanceManagerUITestsLaunchTests.swift */ = {isa = PBXFileReference; lastKnownFileType = sourcecode.swift; path = FinanceManagerUITestsLaunchTests.swift; sourceTree = "<group>"; };
		526E43652C98A1E30017C3DE /* OnboardingPage1.swift */ = {isa = PBXFileReference; lastKnownFileType = sourcecode.swift; path = OnboardingPage1.swift; sourceTree = "<group>"; };
		528872E52C99944000704892 /* PreferenceRepository.swift */ = {isa = PBXFileReference; lastKnownFileType = sourcecode.swift; path = PreferenceRepository.swift; sourceTree = "<group>"; };
		528872E72C999D4A00704892 /* onboardingPage2.swift */ = {isa = PBXFileReference; lastKnownFileType = sourcecode.swift; path = onboardingPage2.swift; sourceTree = "<group>"; };
		528872EB2C9A005C00704892 /* OnboardingTopView.swift */ = {isa = PBXFileReference; lastKnownFileType = sourcecode.swift; path = OnboardingTopView.swift; sourceTree = "<group>"; };
		528872ED2C9A012600704892 /* OnboardingBottomView.swift */ = {isa = PBXFileReference; lastKnownFileType = sourcecode.swift; path = OnboardingBottomView.swift; sourceTree = "<group>"; };
		528872EF2C9A018400704892 /* OnboardingNextButtton.swift */ = {isa = PBXFileReference; lastKnownFileType = sourcecode.swift; path = OnboardingNextButtton.swift; sourceTree = "<group>"; };
		529001352CA0644200E74455 /* DashboardView.swift */ = {isa = PBXFileReference; lastKnownFileType = sourcecode.swift; path = DashboardView.swift; sourceTree = "<group>"; };
		529001372CA0647A00E74455 /* Tab.swift */ = {isa = PBXFileReference; lastKnownFileType = sourcecode.swift; path = Tab.swift; sourceTree = "<group>"; };
		529001392CA0735700E74455 /* TabShape.swift */ = {isa = PBXFileReference; lastKnownFileType = sourcecode.swift; path = TabShape.swift; sourceTree = "<group>"; };
		5290013D2CA076AD00E74455 /* TabPosition.swift */ = {isa = PBXFileReference; lastKnownFileType = sourcecode.swift; path = TabPosition.swift; sourceTree = "<group>"; };
		529001412CA08F2A00E74455 /* HomeView.swift */ = {isa = PBXFileReference; lastKnownFileType = sourcecode.swift; path = HomeView.swift; sourceTree = "<group>"; };
		529001442CA0917500E74455 /* RecordsView.swift */ = {isa = PBXFileReference; lastKnownFileType = sourcecode.swift; path = RecordsView.swift; sourceTree = "<group>"; };
		529001472CA092B100E74455 /* BudgetView.swift */ = {isa = PBXFileReference; lastKnownFileType = sourcecode.swift; path = BudgetView.swift; sourceTree = "<group>"; };
		5290014A2CA092E000E74455 /* AccountView.swift */ = {isa = PBXFileReference; lastKnownFileType = sourcecode.swift; path = AccountView.swift; sourceTree = "<group>"; };
		5290014D2CA0931C00E74455 /* SettingView.swift */ = {isa = PBXFileReference; lastKnownFileType = sourcecode.swift; path = SettingView.swift; sourceTree = "<group>"; };
		529001502CA1216900E74455 /* NotificationManager.swift */ = {isa = PBXFileReference; lastKnownFileType = sourcecode.swift; path = NotificationManager.swift; sourceTree = "<group>"; };
		529001552CA1282100E74455 /* DateTimePicker.swift */ = {isa = PBXFileReference; lastKnownFileType = sourcecode.swift; path = DateTimePicker.swift; sourceTree = "<group>"; };
		529001572CA1468700E74455 /* RecordsItem.swift */ = {isa = PBXFileReference; lastKnownFileType = sourcecode.swift; path = RecordsItem.swift; sourceTree = "<group>"; };
		5290015A2CA1DAC400E74455 /* AccountViewItem.swift */ = {isa = PBXFileReference; lastKnownFileType = sourcecode.swift; path = AccountViewItem.swift; sourceTree = "<group>"; };
		529001632CA322CF00E74455 /* GoogleService-Info.plist */ = {isa = PBXFileReference; fileEncoding = 4; lastKnownFileType = text.plist.xml; path = "GoogleService-Info.plist"; sourceTree = "<group>"; };
		5290019E2CA400FD00E74455 /* BudgetSetItemView.swift */ = {isa = PBXFileReference; lastKnownFileType = sourcecode.swift; path = BudgetSetItemView.swift; sourceTree = "<group>"; };
		529001A82CA6027100E74455 /* PopUpview.swift */ = {isa = PBXFileReference; lastKnownFileType = sourcecode.swift; path = PopUpview.swift; sourceTree = "<group>"; };
		52E5AB102CA730F800545E1D /* HomeViewTopBar.swift */ = {isa = PBXFileReference; lastKnownFileType = sourcecode.swift; path = HomeViewTopBar.swift; sourceTree = "<group>"; };
		52E5AB122CA7316500545E1D /* BalanceCapsul.swift */ = {isa = PBXFileReference; lastKnownFileType = sourcecode.swift; path = BalanceCapsul.swift; sourceTree = "<group>"; };
		52E5AB152CA7383D00545E1D /* Colors.swift */ = {isa = PBXFileReference; lastKnownFileType = sourcecode.swift; path = Colors.swift; sourceTree = "<group>"; };
		52E5AB172CA73C0800545E1D /* IconWIthBackgroundCell.swift */ = {isa = PBXFileReference; lastKnownFileType = sourcecode.swift; path = IconWIthBackgroundCell.swift; sourceTree = "<group>"; };
		52E5AB1A2CA8311E00545E1D /* CommonDetailsPageView.swift */ = {isa = PBXFileReference; lastKnownFileType = sourcecode.swift; path = CommonDetailsPageView.swift; sourceTree = "<group>"; };
/* End PBXFileReference section */

/* Begin PBXFrameworksBuildPhase section */
		526E43312C98650C0017C3DE /* Frameworks */ = {
			isa = PBXFrameworksBuildPhase;
			buildActionMask = 2147483647;
			files = (
				529001912CA3258800E74455 /* FirebaseStorageCombine-Community in Frameworks */,
				529001892CA3258800E74455 /* FirebaseMessaging in Frameworks */,
				529001872CA3258800E74455 /* FirebaseMLModelDownloader in Frameworks */,
				5290016D2CA3258800E74455 /* FirebaseAppCheck in Frameworks */,
				529001712CA3258800E74455 /* FirebaseAuth in Frameworks */,
				529001672CA3258800E74455 /* FirebaseAnalytics in Frameworks */,
				5290016F2CA3258800E74455 /* FirebaseAppDistribution-Beta in Frameworks */,
				529001752CA3258800E74455 /* FirebaseCrashlytics in Frameworks */,
				529001772CA3258800E74455 /* FirebaseDatabase in Frameworks */,
				529001812CA3258800E74455 /* FirebaseFunctionsCombine-Community in Frameworks */,
				529001732CA3258800E74455 /* FirebaseAuthCombine-Community in Frameworks */,
				5290018F2CA3258800E74455 /* FirebaseStorage in Frameworks */,
				529001692CA3258800E74455 /* FirebaseAnalyticsOnDeviceConversion in Frameworks */,
				5290017F2CA3258800E74455 /* FirebaseFunctions in Frameworks */,
				529001852CA3258800E74455 /* FirebaseInstallations in Frameworks */,
				5290018B2CA3258800E74455 /* FirebasePerformance in Frameworks */,
				5290017D2CA3258800E74455 /* FirebaseFirestoreCombine-Community in Frameworks */,
				5290017B2CA3258800E74455 /* FirebaseFirestore in Frameworks */,
				529001792CA3258800E74455 /* FirebaseDynamicLinks in Frameworks */,
				529001832CA3258800E74455 /* FirebaseInAppMessaging-Beta in Frameworks */,
				529001932CA3258800E74455 /* FirebaseVertexAI-Preview in Frameworks */,
				5290018D2CA3258800E74455 /* FirebaseRemoteConfig in Frameworks */,
			);
			runOnlyForDeploymentPostprocessing = 0;
		};
		526E43412C9865100017C3DE /* Frameworks */ = {
			isa = PBXFrameworksBuildPhase;
			buildActionMask = 2147483647;
			files = (
			);
			runOnlyForDeploymentPostprocessing = 0;
		};
		526E434B2C9865100017C3DE /* Frameworks */ = {
			isa = PBXFrameworksBuildPhase;
			buildActionMask = 2147483647;
			files = (
			);
			runOnlyForDeploymentPostprocessing = 0;
		};
/* End PBXFrameworksBuildPhase section */

/* Begin PBXGroup section */
		522C31962C9B3B41000F58E8 /* OnboardingPage2 */ = {
			isa = PBXGroup;
			children = (
				528872E72C999D4A00704892 /* onboardingPage2.swift */,
			);
			path = OnboardingPage2;
			sourceTree = "<group>";
		};
		522C31972C9B3B6A000F58E8 /* OnboardingPage3 */ = {
			isa = PBXGroup;
			children = (
				522C31982C9B3B89000F58E8 /* OnboardingPage3.swift */,
			);
			path = OnboardingPage3;
			sourceTree = "<group>";
		};
		526E432B2C98650C0017C3DE = {
			isa = PBXGroup;
			children = (
				526E43362C98650C0017C3DE /* FinanceManager */,
				526E43472C9865100017C3DE /* FinanceManagerTests */,
				526E43512C9865100017C3DE /* FinanceManagerUITests */,
				526E43352C98650C0017C3DE /* Products */,
			);
			sourceTree = "<group>";
		};
		526E43352C98650C0017C3DE /* Products */ = {
			isa = PBXGroup;
			children = (
				526E43342C98650C0017C3DE /* FinanceManager.app */,
				526E43442C9865100017C3DE /* FinanceManagerTests.xctest */,
				526E434E2C9865100017C3DE /* FinanceManagerUITests.xctest */,
			);
			name = Products;
			sourceTree = "<group>";
		};
		526E43362C98650C0017C3DE /* FinanceManager */ = {
			isa = PBXGroup;
			children = (
				52E5AB142CA7381E00545E1D /* Utility */,
				529001622CA322AC00E74455 /* AppConfig */,
				529001522CA1279800E74455 /* Setting */,
				5290014F2CA11E8500E74455 /* NotificationManager */,
				5290012F2CA0216D00E74455 /* Dashboard */,
				528872EA2C99FF9B00704892 /* Onboarding */,
				528872E42C99941300704892 /* PreferenceRepository */,
				526E43372C98650C0017C3DE /* FinanceManagerApp.swift */,
				526E433B2C98650F0017C3DE /* Assets.xcassets */,
				526E433D2C98650F0017C3DE /* Preview Content */,
			);
			path = FinanceManager;
			sourceTree = "<group>";
		};
		526E433D2C98650F0017C3DE /* Preview Content */ = {
			isa = PBXGroup;
			children = (
				526E433E2C98650F0017C3DE /* Preview Assets.xcassets */,
			);
			path = "Preview Content";
			sourceTree = "<group>";
		};
		526E43472C9865100017C3DE /* FinanceManagerTests */ = {
			isa = PBXGroup;
			children = (
				526E43482C9865100017C3DE /* FinanceManagerTests.swift */,
			);
			path = FinanceManagerTests;
			sourceTree = "<group>";
		};
		526E43512C9865100017C3DE /* FinanceManagerUITests */ = {
			isa = PBXGroup;
			children = (
				526E43522C9865100017C3DE /* FinanceManagerUITests.swift */,
				526E43542C9865100017C3DE /* FinanceManagerUITestsLaunchTests.swift */,
			);
			path = FinanceManagerUITests;
			sourceTree = "<group>";
		};
		528872E42C99941300704892 /* PreferenceRepository */ = {
			isa = PBXGroup;
			children = (
				528872E52C99944000704892 /* PreferenceRepository.swift */,
				522C319B2C9B42A6000F58E8 /* AppKeyEnum.swift */,
			);
			path = PreferenceRepository;
			sourceTree = "<group>";
		};
		528872EA2C99FF9B00704892 /* Onboarding */ = {
			isa = PBXGroup;
			children = (
				528872F22C9A034900704892 /* OnboardingCommon */,
				528872F12C9A029400704892 /* OnboardingPage1 */,
				522C31962C9B3B41000F58E8 /* OnboardingPage2 */,
				522C31972C9B3B6A000F58E8 /* OnboardingPage3 */,
			);
			path = Onboarding;
			sourceTree = "<group>";
		};
		528872F12C9A029400704892 /* OnboardingPage1 */ = {
			isa = PBXGroup;
			children = (
				526E43652C98A1E30017C3DE /* OnboardingPage1.swift */,
			);
			path = OnboardingPage1;
			sourceTree = "<group>";
		};
		528872F22C9A034900704892 /* OnboardingCommon */ = {
			isa = PBXGroup;
			children = (
				528872ED2C9A012600704892 /* OnboardingBottomView.swift */,
				526E43392C98650C0017C3DE /* ContentView.swift */,
				528872EF2C9A018400704892 /* OnboardingNextButtton.swift */,
				528872EB2C9A005C00704892 /* OnboardingTopView.swift */,
			);
			path = OnboardingCommon;
			sourceTree = "<group>";
		};
		5290012F2CA0216D00E74455 /* Dashboard */ = {
			isa = PBXGroup;
			children = (
				52E5AB192CA830EF00545E1D /* DetailsPage */,
				5290014C2CA092FC00E74455 /* MoreView */,
				529001492CA092CE00E74455 /* AccountsView */,
				529001462CA092A100E74455 /* BudgetView */,
				529001432CA0914700E74455 /* RecordsView */,
				529001402CA08EF700E74455 /* HomeView */,
				5290013F2CA08C3E00E74455 /* TabBarController */,
			);
			path = Dashboard;
			sourceTree = "<group>";
		};
		5290013F2CA08C3E00E74455 /* TabBarController */ = {
			isa = PBXGroup;
			children = (
				529001372CA0647A00E74455 /* Tab.swift */,
				5290013D2CA076AD00E74455 /* TabPosition.swift */,
				529001392CA0735700E74455 /* TabShape.swift */,
				529001352CA0644200E74455 /* DashboardView.swift */,
			);
			path = TabBarController;
			sourceTree = "<group>";
		};
		529001402CA08EF700E74455 /* HomeView */ = {
			isa = PBXGroup;
			children = (
				529001412CA08F2A00E74455 /* HomeView.swift */,
				52E5AB102CA730F800545E1D /* HomeViewTopBar.swift */,
				52E5AB122CA7316500545E1D /* BalanceCapsul.swift */,
				52E5AB172CA73C0800545E1D /* IconWIthBackgroundCell.swift */,
			);
			path = HomeView;
			sourceTree = "<group>";
		};
		529001432CA0914700E74455 /* RecordsView */ = {
			isa = PBXGroup;
			children = (
				529001442CA0917500E74455 /* RecordsView.swift */,
				529001572CA1468700E74455 /* RecordsItem.swift */,
			);
			path = RecordsView;
			sourceTree = "<group>";
		};
		529001462CA092A100E74455 /* BudgetView */ = {
			isa = PBXGroup;
			children = (
				529001472CA092B100E74455 /* BudgetView.swift */,
				5290019E2CA400FD00E74455 /* BudgetSetItemView.swift */,
				529001A82CA6027100E74455 /* PopUpview.swift */,
			);
			path = BudgetView;
			sourceTree = "<group>";
		};
		529001492CA092CE00E74455 /* AccountsView */ = {
			isa = PBXGroup;
			children = (
				5290014A2CA092E000E74455 /* AccountView.swift */,
				5290015A2CA1DAC400E74455 /* AccountViewItem.swift */,
			);
			path = AccountsView;
			sourceTree = "<group>";
		};
		5290014C2CA092FC00E74455 /* MoreView */ = {
			isa = PBXGroup;
			children = (
				5290014D2CA0931C00E74455 /* SettingView.swift */,
			);
			path = MoreView;
			sourceTree = "<group>";
		};
		5290014F2CA11E8500E74455 /* NotificationManager */ = {
			isa = PBXGroup;
			children = (
				529001502CA1216900E74455 /* NotificationManager.swift */,
			);
			path = NotificationManager;
			sourceTree = "<group>";
		};
		529001522CA1279800E74455 /* Setting */ = {
			isa = PBXGroup;
			children = (
				529001552CA1282100E74455 /* DateTimePicker.swift */,
			);
			path = Setting;
			sourceTree = "<group>";
		};
		529001622CA322AC00E74455 /* AppConfig */ = {
			isa = PBXGroup;
			children = (
				529001632CA322CF00E74455 /* GoogleService-Info.plist */,
			);
			path = AppConfig;
			sourceTree = "<group>";
		};
		52E5AB142CA7381E00545E1D /* Utility */ = {
			isa = PBXGroup;
			children = (
				52E5AB152CA7383D00545E1D /* Colors.swift */,
			);
			path = Utility;
			sourceTree = "<group>";
		};
		52E5AB192CA830EF00545E1D /* DetailsPage */ = {
			isa = PBXGroup;
			children = (
				52E5AB1A2CA8311E00545E1D /* CommonDetailsPageView.swift */,
			);
			path = DetailsPage;
			sourceTree = "<group>";
		};
/* End PBXGroup section */

/* Begin PBXNativeTarget section */
		526E43332C98650C0017C3DE /* FinanceManager */ = {
			isa = PBXNativeTarget;
			buildConfigurationList = 526E43582C9865100017C3DE /* Build configuration list for PBXNativeTarget "FinanceManager" */;
			buildPhases = (
				526E43302C98650C0017C3DE /* Sources */,
				526E43312C98650C0017C3DE /* Frameworks */,
				526E43322C98650C0017C3DE /* Resources */,
				529001942CA32A7800E74455 /* ShellScript */,
			);
			buildRules = (
			);
			dependencies = (
			);
			name = FinanceManager;
			packageProductDependencies = (
				529001662CA3258800E74455 /* FirebaseAnalytics */,
				529001682CA3258800E74455 /* FirebaseAnalyticsOnDeviceConversion */,
				5290016C2CA3258800E74455 /* FirebaseAppCheck */,
				5290016E2CA3258800E74455 /* FirebaseAppDistribution-Beta */,
				529001702CA3258800E74455 /* FirebaseAuth */,
				529001722CA3258800E74455 /* FirebaseAuthCombine-Community */,
				529001742CA3258800E74455 /* FirebaseCrashlytics */,
				529001762CA3258800E74455 /* FirebaseDatabase */,
				529001782CA3258800E74455 /* FirebaseDynamicLinks */,
				5290017A2CA3258800E74455 /* FirebaseFirestore */,
				5290017C2CA3258800E74455 /* FirebaseFirestoreCombine-Community */,
				5290017E2CA3258800E74455 /* FirebaseFunctions */,
				529001802CA3258800E74455 /* FirebaseFunctionsCombine-Community */,
				529001822CA3258800E74455 /* FirebaseInAppMessaging-Beta */,
				529001842CA3258800E74455 /* FirebaseInstallations */,
				529001862CA3258800E74455 /* FirebaseMLModelDownloader */,
				529001882CA3258800E74455 /* FirebaseMessaging */,
				5290018A2CA3258800E74455 /* FirebasePerformance */,
				5290018C2CA3258800E74455 /* FirebaseRemoteConfig */,
				5290018E2CA3258800E74455 /* FirebaseStorage */,
				529001902CA3258800E74455 /* FirebaseStorageCombine-Community */,
				529001922CA3258800E74455 /* FirebaseVertexAI-Preview */,
			);
			productName = FinanceManager;
			productReference = 526E43342C98650C0017C3DE /* FinanceManager.app */;
			productType = "com.apple.product-type.application";
		};
		526E43432C9865100017C3DE /* FinanceManagerTests */ = {
			isa = PBXNativeTarget;
			buildConfigurationList = 526E435B2C9865100017C3DE /* Build configuration list for PBXNativeTarget "FinanceManagerTests" */;
			buildPhases = (
				526E43402C9865100017C3DE /* Sources */,
				526E43412C9865100017C3DE /* Frameworks */,
				526E43422C9865100017C3DE /* Resources */,
			);
			buildRules = (
			);
			dependencies = (
				526E43462C9865100017C3DE /* PBXTargetDependency */,
			);
			name = FinanceManagerTests;
			productName = FinanceManagerTests;
			productReference = 526E43442C9865100017C3DE /* FinanceManagerTests.xctest */;
			productType = "com.apple.product-type.bundle.unit-test";
		};
		526E434D2C9865100017C3DE /* FinanceManagerUITests */ = {
			isa = PBXNativeTarget;
			buildConfigurationList = 526E435E2C9865100017C3DE /* Build configuration list for PBXNativeTarget "FinanceManagerUITests" */;
			buildPhases = (
				526E434A2C9865100017C3DE /* Sources */,
				526E434B2C9865100017C3DE /* Frameworks */,
				526E434C2C9865100017C3DE /* Resources */,
			);
			buildRules = (
			);
			dependencies = (
				526E43502C9865100017C3DE /* PBXTargetDependency */,
			);
			name = FinanceManagerUITests;
			productName = FinanceManagerUITests;
			productReference = 526E434E2C9865100017C3DE /* FinanceManagerUITests.xctest */;
			productType = "com.apple.product-type.bundle.ui-testing";
		};
/* End PBXNativeTarget section */

/* Begin PBXProject section */
		526E432C2C98650C0017C3DE /* Project object */ = {
			isa = PBXProject;
			attributes = {
				BuildIndependentTargetsInParallel = 1;
				LastSwiftUpdateCheck = 1520;
				LastUpgradeCheck = 1520;
				TargetAttributes = {
					526E43332C98650C0017C3DE = {
						CreatedOnToolsVersion = 15.2;
					};
					526E43432C9865100017C3DE = {
						CreatedOnToolsVersion = 15.2;
						TestTargetID = 526E43332C98650C0017C3DE;
					};
					526E434D2C9865100017C3DE = {
						CreatedOnToolsVersion = 15.2;
						TestTargetID = 526E43332C98650C0017C3DE;
					};
				};
			};
			buildConfigurationList = 526E432F2C98650C0017C3DE /* Build configuration list for PBXProject "FinanceManager" */;
			compatibilityVersion = "Xcode 14.0";
			developmentRegion = en;
			hasScannedForEncodings = 0;
			knownRegions = (
				en,
				Base,
			);
			mainGroup = 526E432B2C98650C0017C3DE;
			packageReferences = (
				529001652CA3258700E74455 /* XCRemoteSwiftPackageReference "firebase-ios-sdk" */,
			);
			productRefGroup = 526E43352C98650C0017C3DE /* Products */;
			projectDirPath = "";
			projectRoot = "";
			targets = (
				526E43332C98650C0017C3DE /* FinanceManager */,
				526E43432C9865100017C3DE /* FinanceManagerTests */,
				526E434D2C9865100017C3DE /* FinanceManagerUITests */,
			);
		};
/* End PBXProject section */

/* Begin PBXResourcesBuildPhase section */
		526E43322C98650C0017C3DE /* Resources */ = {
			isa = PBXResourcesBuildPhase;
			buildActionMask = 2147483647;
			files = (
				526E433F2C98650F0017C3DE /* Preview Assets.xcassets in Resources */,
				526E433C2C98650F0017C3DE /* Assets.xcassets in Resources */,
				529001642CA322CF00E74455 /* GoogleService-Info.plist in Resources */,
			);
			runOnlyForDeploymentPostprocessing = 0;
		};
		526E43422C9865100017C3DE /* Resources */ = {
			isa = PBXResourcesBuildPhase;
			buildActionMask = 2147483647;
			files = (
			);
			runOnlyForDeploymentPostprocessing = 0;
		};
		526E434C2C9865100017C3DE /* Resources */ = {
			isa = PBXResourcesBuildPhase;
			buildActionMask = 2147483647;
			files = (
			);
			runOnlyForDeploymentPostprocessing = 0;
		};
/* End PBXResourcesBuildPhase section */

/* Begin PBXShellScriptBuildPhase section */
		529001942CA32A7800E74455 /* ShellScript */ = {
			isa = PBXShellScriptBuildPhase;
			buildActionMask = 2147483647;
			files = (
			);
			inputFileListPaths = (
			);
			inputPaths = (
				"${DWARF_DSYM_FOLDER_PATH}/${DWARF_DSYM_FILE_NAME}",
				"${DWARF_DSYM_FOLDER_PATH}/${DWARF_DSYM_FILE_NAME}/Contents/Resources/DWARF/${PRODUCT_NAME}",
				"${DWARF_DSYM_FOLDER_PATH}/${DWARF_DSYM_FILE_NAME}/Contents/Info.plist",
				"$(TARGET_BUILD_DIR)/$(UNLOCALIZED_RESOURCES_FOLDER_PATH)/GoogleService-Info.plist\n$(TARGET_BUILD_DIR)/$(UNLOCALIZED_RESOURCES_FOLDER_PATH)/GoogleService-Info.plist",
				"$(TARGET_BUILD_DIR)/$(EXECUTABLE_PATH)",
			);
			outputFileListPaths = (
			);
			outputPaths = (
			);
			runOnlyForDeploymentPostprocessing = 0;
			shellPath = /bin/sh;
			shellScript = "# Type a script or drag a script file from your workspace to insert its path.\n\"${BUILD_DIR%/Build/*}/SourcePackages/checkouts/firebase-ios-sdk/Crashlytics/run\"\n\n";
		};
/* End PBXShellScriptBuildPhase section */

/* Begin PBXSourcesBuildPhase section */
		526E43302C98650C0017C3DE /* Sources */ = {
			isa = PBXSourcesBuildPhase;
			buildActionMask = 2147483647;
			files = (
				529001562CA1282100E74455 /* DateTimePicker.swift in Sources */,
				52E5AB1B2CA8311E00545E1D /* CommonDetailsPageView.swift in Sources */,
				528872EE2C9A012600704892 /* OnboardingBottomView.swift in Sources */,
				529001362CA0644200E74455 /* DashboardView.swift in Sources */,
				528872E62C99944000704892 /* PreferenceRepository.swift in Sources */,
				526E43662C98A1E30017C3DE /* OnboardingPage1.swift in Sources */,
				52E5AB162CA7383D00545E1D /* Colors.swift in Sources */,
				52E5AB182CA73C0800545E1D /* IconWIthBackgroundCell.swift in Sources */,
				5290019F2CA400FD00E74455 /* BudgetSetItemView.swift in Sources */,
				528872F02C9A018400704892 /* OnboardingNextButtton.swift in Sources */,
				522C31992C9B3B89000F58E8 /* OnboardingPage3.swift in Sources */,
				529001382CA0647A00E74455 /* Tab.swift in Sources */,
				526E433A2C98650C0017C3DE /* ContentView.swift in Sources */,
				522C319C2C9B42A6000F58E8 /* AppKeyEnum.swift in Sources */,
				529001582CA1468700E74455 /* RecordsItem.swift in Sources */,
				528872E82C999D4A00704892 /* onboardingPage2.swift in Sources */,
				526E43382C98650C0017C3DE /* FinanceManagerApp.swift in Sources */,
				52E5AB112CA730F800545E1D /* HomeViewTopBar.swift in Sources */,
				528872EC2C9A005C00704892 /* OnboardingTopView.swift in Sources */,
				5290014B2CA092E000E74455 /* AccountView.swift in Sources */,
				529001482CA092B100E74455 /* BudgetView.swift in Sources */,
				529001422CA08F2A00E74455 /* HomeView.swift in Sources */,
				52E5AB132CA7316500545E1D /* BalanceCapsul.swift in Sources */,
				5290013A2CA0735700E74455 /* TabShape.swift in Sources */,
				529001452CA0917500E74455 /* RecordsView.swift in Sources */,
				529001512CA1216900E74455 /* NotificationManager.swift in Sources */,
				5290013E2CA076AD00E74455 /* TabPosition.swift in Sources */,
				529001A92CA6027100E74455 /* PopUpview.swift in Sources */,
				5290014E2CA0931C00E74455 /* SettingView.swift in Sources */,
				5290015B2CA1DAC400E74455 /* AccountViewItem.swift in Sources */,
			);
			runOnlyForDeploymentPostprocessing = 0;
		};
		526E43402C9865100017C3DE /* Sources */ = {
			isa = PBXSourcesBuildPhase;
			buildActionMask = 2147483647;
			files = (
				526E43492C9865100017C3DE /* FinanceManagerTests.swift in Sources */,
			);
			runOnlyForDeploymentPostprocessing = 0;
		};
		526E434A2C9865100017C3DE /* Sources */ = {
			isa = PBXSourcesBuildPhase;
			buildActionMask = 2147483647;
			files = (
				526E43532C9865100017C3DE /* FinanceManagerUITests.swift in Sources */,
				526E43552C9865100017C3DE /* FinanceManagerUITestsLaunchTests.swift in Sources */,
			);
			runOnlyForDeploymentPostprocessing = 0;
		};
/* End PBXSourcesBuildPhase section */

/* Begin PBXTargetDependency section */
		526E43462C9865100017C3DE /* PBXTargetDependency */ = {
			isa = PBXTargetDependency;
			target = 526E43332C98650C0017C3DE /* FinanceManager */;
			targetProxy = 526E43452C9865100017C3DE /* PBXContainerItemProxy */;
		};
		526E43502C9865100017C3DE /* PBXTargetDependency */ = {
			isa = PBXTargetDependency;
			target = 526E43332C98650C0017C3DE /* FinanceManager */;
			targetProxy = 526E434F2C9865100017C3DE /* PBXContainerItemProxy */;
		};
/* End PBXTargetDependency section */

/* Begin XCBuildConfiguration section */
		526E43562C9865100017C3DE /* Debug */ = {
			isa = XCBuildConfiguration;
			buildSettings = {
				ALWAYS_SEARCH_USER_PATHS = NO;
				ASSETCATALOG_COMPILER_GENERATE_SWIFT_ASSET_SYMBOL_EXTENSIONS = YES;
				CLANG_ANALYZER_NONNULL = YES;
				CLANG_ANALYZER_NUMBER_OBJECT_CONVERSION = YES_AGGRESSIVE;
				CLANG_CXX_LANGUAGE_STANDARD = "gnu++20";
				CLANG_ENABLE_MODULES = YES;
				CLANG_ENABLE_OBJC_ARC = YES;
				CLANG_ENABLE_OBJC_WEAK = YES;
				CLANG_WARN_BLOCK_CAPTURE_AUTORELEASING = YES;
				CLANG_WARN_BOOL_CONVERSION = YES;
				CLANG_WARN_COMMA = YES;
				CLANG_WARN_CONSTANT_CONVERSION = YES;
				CLANG_WARN_DEPRECATED_OBJC_IMPLEMENTATIONS = YES;
				CLANG_WARN_DIRECT_OBJC_ISA_USAGE = YES_ERROR;
				CLANG_WARN_DOCUMENTATION_COMMENTS = YES;
				CLANG_WARN_EMPTY_BODY = YES;
				CLANG_WARN_ENUM_CONVERSION = YES;
				CLANG_WARN_INFINITE_RECURSION = YES;
				CLANG_WARN_INT_CONVERSION = YES;
				CLANG_WARN_NON_LITERAL_NULL_CONVERSION = YES;
				CLANG_WARN_OBJC_IMPLICIT_RETAIN_SELF = YES;
				CLANG_WARN_OBJC_LITERAL_CONVERSION = YES;
				CLANG_WARN_OBJC_ROOT_CLASS = YES_ERROR;
				CLANG_WARN_QUOTED_INCLUDE_IN_FRAMEWORK_HEADER = YES;
				CLANG_WARN_RANGE_LOOP_ANALYSIS = YES;
				CLANG_WARN_STRICT_PROTOTYPES = YES;
				CLANG_WARN_SUSPICIOUS_MOVE = YES;
				CLANG_WARN_UNGUARDED_AVAILABILITY = YES_AGGRESSIVE;
				CLANG_WARN_UNREACHABLE_CODE = YES;
				CLANG_WARN__DUPLICATE_METHOD_MATCH = YES;
				COPY_PHASE_STRIP = NO;
				DEBUG_INFORMATION_FORMAT = dwarf;
				ENABLE_STRICT_OBJC_MSGSEND = YES;
				ENABLE_TESTABILITY = YES;
				ENABLE_USER_SCRIPT_SANDBOXING = YES;
				GCC_C_LANGUAGE_STANDARD = gnu17;
				GCC_DYNAMIC_NO_PIC = NO;
				GCC_NO_COMMON_BLOCKS = YES;
				GCC_OPTIMIZATION_LEVEL = 0;
				GCC_PREPROCESSOR_DEFINITIONS = (
					"DEBUG=1",
					"$(inherited)",
				);
				GCC_WARN_64_TO_32_BIT_CONVERSION = YES;
				GCC_WARN_ABOUT_RETURN_TYPE = YES_ERROR;
				GCC_WARN_UNDECLARED_SELECTOR = YES;
				GCC_WARN_UNINITIALIZED_AUTOS = YES_AGGRESSIVE;
				GCC_WARN_UNUSED_FUNCTION = YES;
				GCC_WARN_UNUSED_VARIABLE = YES;
				IPHONEOS_DEPLOYMENT_TARGET = 17.2;
				LOCALIZATION_PREFERS_STRING_CATALOGS = YES;
				MTL_ENABLE_DEBUG_INFO = INCLUDE_SOURCE;
				MTL_FAST_MATH = YES;
				ONLY_ACTIVE_ARCH = YES;
				SDKROOT = iphoneos;
				SWIFT_ACTIVE_COMPILATION_CONDITIONS = "DEBUG $(inherited)";
				SWIFT_OPTIMIZATION_LEVEL = "-Onone";
			};
			name = Debug;
		};
		526E43572C9865100017C3DE /* Release */ = {
			isa = XCBuildConfiguration;
			buildSettings = {
				ALWAYS_SEARCH_USER_PATHS = NO;
				ASSETCATALOG_COMPILER_GENERATE_SWIFT_ASSET_SYMBOL_EXTENSIONS = YES;
				CLANG_ANALYZER_NONNULL = YES;
				CLANG_ANALYZER_NUMBER_OBJECT_CONVERSION = YES_AGGRESSIVE;
				CLANG_CXX_LANGUAGE_STANDARD = "gnu++20";
				CLANG_ENABLE_MODULES = YES;
				CLANG_ENABLE_OBJC_ARC = YES;
				CLANG_ENABLE_OBJC_WEAK = YES;
				CLANG_WARN_BLOCK_CAPTURE_AUTORELEASING = YES;
				CLANG_WARN_BOOL_CONVERSION = YES;
				CLANG_WARN_COMMA = YES;
				CLANG_WARN_CONSTANT_CONVERSION = YES;
				CLANG_WARN_DEPRECATED_OBJC_IMPLEMENTATIONS = YES;
				CLANG_WARN_DIRECT_OBJC_ISA_USAGE = YES_ERROR;
				CLANG_WARN_DOCUMENTATION_COMMENTS = YES;
				CLANG_WARN_EMPTY_BODY = YES;
				CLANG_WARN_ENUM_CONVERSION = YES;
				CLANG_WARN_INFINITE_RECURSION = YES;
				CLANG_WARN_INT_CONVERSION = YES;
				CLANG_WARN_NON_LITERAL_NULL_CONVERSION = YES;
				CLANG_WARN_OBJC_IMPLICIT_RETAIN_SELF = YES;
				CLANG_WARN_OBJC_LITERAL_CONVERSION = YES;
				CLANG_WARN_OBJC_ROOT_CLASS = YES_ERROR;
				CLANG_WARN_QUOTED_INCLUDE_IN_FRAMEWORK_HEADER = YES;
				CLANG_WARN_RANGE_LOOP_ANALYSIS = YES;
				CLANG_WARN_STRICT_PROTOTYPES = YES;
				CLANG_WARN_SUSPICIOUS_MOVE = YES;
				CLANG_WARN_UNGUARDED_AVAILABILITY = YES_AGGRESSIVE;
				CLANG_WARN_UNREACHABLE_CODE = YES;
				CLANG_WARN__DUPLICATE_METHOD_MATCH = YES;
				COPY_PHASE_STRIP = NO;
				DEBUG_INFORMATION_FORMAT = "dwarf-with-dsym";
				ENABLE_NS_ASSERTIONS = NO;
				ENABLE_STRICT_OBJC_MSGSEND = YES;
				ENABLE_USER_SCRIPT_SANDBOXING = YES;
				GCC_C_LANGUAGE_STANDARD = gnu17;
				GCC_NO_COMMON_BLOCKS = YES;
				GCC_WARN_64_TO_32_BIT_CONVERSION = YES;
				GCC_WARN_ABOUT_RETURN_TYPE = YES_ERROR;
				GCC_WARN_UNDECLARED_SELECTOR = YES;
				GCC_WARN_UNINITIALIZED_AUTOS = YES_AGGRESSIVE;
				GCC_WARN_UNUSED_FUNCTION = YES;
				GCC_WARN_UNUSED_VARIABLE = YES;
				IPHONEOS_DEPLOYMENT_TARGET = 17.2;
				LOCALIZATION_PREFERS_STRING_CATALOGS = YES;
				MTL_ENABLE_DEBUG_INFO = NO;
				MTL_FAST_MATH = YES;
				SDKROOT = iphoneos;
				SWIFT_COMPILATION_MODE = wholemodule;
				VALIDATE_PRODUCT = YES;
			};
			name = Release;
		};
		526E43592C9865100017C3DE /* Debug */ = {
			isa = XCBuildConfiguration;
			buildSettings = {
				ASSETCATALOG_COMPILER_APPICON_NAME = AppIcon;
				ASSETCATALOG_COMPILER_GLOBAL_ACCENT_COLOR_NAME = AccentColor;
				CODE_SIGN_STYLE = Automatic;
				CURRENT_PROJECT_VERSION = 1;
				DEBUG_INFORMATION_FORMAT = "dwarf-with-dsym";
				DEVELOPMENT_ASSET_PATHS = "\"FinanceManager/Preview Content\"";
				DEVELOPMENT_TEAM = 2UZAVNXXC5;
				ENABLE_PREVIEWS = YES;
				ENABLE_USER_SCRIPT_SANDBOXING = NO;
				GENERATE_INFOPLIST_FILE = YES;
				INFOPLIST_KEY_UIApplicationSceneManifest_Generation = YES;
				INFOPLIST_KEY_UIApplicationSupportsIndirectInputEvents = YES;
				INFOPLIST_KEY_UILaunchScreen_Generation = YES;
				INFOPLIST_KEY_UISupportedInterfaceOrientations_iPad = "UIInterfaceOrientationPortrait UIInterfaceOrientationPortraitUpsideDown UIInterfaceOrientationLandscapeLeft UIInterfaceOrientationLandscapeRight";
				INFOPLIST_KEY_UISupportedInterfaceOrientations_iPhone = "UIInterfaceOrientationPortrait UIInterfaceOrientationLandscapeLeft UIInterfaceOrientationLandscapeRight";
				LD_RUNPATH_SEARCH_PATHS = (
					"$(inherited)",
					"@executable_path/Frameworks",
				);
				MARKETING_VERSION = 1.0;
				PRODUCT_BUNDLE_IDENTIFIER = com.konasl.FinanceManager;
				PRODUCT_NAME = "$(TARGET_NAME)";
				SWIFT_EMIT_LOC_STRINGS = YES;
				SWIFT_VERSION = 5.0;
				TARGETED_DEVICE_FAMILY = "1,2";
			};
			name = Debug;
		};
		526E435A2C9865100017C3DE /* Release */ = {
			isa = XCBuildConfiguration;
			buildSettings = {
				ASSETCATALOG_COMPILER_APPICON_NAME = AppIcon;
				ASSETCATALOG_COMPILER_GLOBAL_ACCENT_COLOR_NAME = AccentColor;
				CODE_SIGN_STYLE = Automatic;
				CURRENT_PROJECT_VERSION = 1;
				DEVELOPMENT_ASSET_PATHS = "\"FinanceManager/Preview Content\"";
				DEVELOPMENT_TEAM = 2UZAVNXXC5;
				ENABLE_PREVIEWS = YES;
				ENABLE_USER_SCRIPT_SANDBOXING = NO;
				GENERATE_INFOPLIST_FILE = YES;
				INFOPLIST_KEY_UIApplicationSceneManifest_Generation = YES;
				INFOPLIST_KEY_UIApplicationSupportsIndirectInputEvents = YES;
				INFOPLIST_KEY_UILaunchScreen_Generation = YES;
				INFOPLIST_KEY_UISupportedInterfaceOrientations_iPad = "UIInterfaceOrientationPortrait UIInterfaceOrientationPortraitUpsideDown UIInterfaceOrientationLandscapeLeft UIInterfaceOrientationLandscapeRight";
				INFOPLIST_KEY_UISupportedInterfaceOrientations_iPhone = "UIInterfaceOrientationPortrait UIInterfaceOrientationLandscapeLeft UIInterfaceOrientationLandscapeRight";
				LD_RUNPATH_SEARCH_PATHS = (
					"$(inherited)",
					"@executable_path/Frameworks",
				);
				MARKETING_VERSION = 1.0;
				PRODUCT_BUNDLE_IDENTIFIER = com.konasl.FinanceManager;
				PRODUCT_NAME = "$(TARGET_NAME)";
				SWIFT_EMIT_LOC_STRINGS = YES;
				SWIFT_VERSION = 5.0;
				TARGETED_DEVICE_FAMILY = "1,2";
			};
			name = Release;
		};
		526E435C2C9865100017C3DE /* Debug */ = {
			isa = XCBuildConfiguration;
			buildSettings = {
				ALWAYS_EMBED_SWIFT_STANDARD_LIBRARIES = YES;
				BUNDLE_LOADER = "$(TEST_HOST)";
				CODE_SIGN_STYLE = Automatic;
				CURRENT_PROJECT_VERSION = 1;
				DEVELOPMENT_TEAM = 2UZAVNXXC5;
				GENERATE_INFOPLIST_FILE = YES;
				IPHONEOS_DEPLOYMENT_TARGET = 17.2;
				MARKETING_VERSION = 1.0;
				PRODUCT_BUNDLE_IDENTIFIER = com.konasl.FinanceManagerTests;
				PRODUCT_NAME = "$(TARGET_NAME)";
				SWIFT_EMIT_LOC_STRINGS = NO;
				SWIFT_VERSION = 5.0;
				TARGETED_DEVICE_FAMILY = "1,2";
				TEST_HOST = "$(BUILT_PRODUCTS_DIR)/FinanceManager.app/$(BUNDLE_EXECUTABLE_FOLDER_PATH)/FinanceManager";
			};
			name = Debug;
		};
		526E435D2C9865100017C3DE /* Release */ = {
			isa = XCBuildConfiguration;
			buildSettings = {
				ALWAYS_EMBED_SWIFT_STANDARD_LIBRARIES = YES;
				BUNDLE_LOADER = "$(TEST_HOST)";
				CODE_SIGN_STYLE = Automatic;
				CURRENT_PROJECT_VERSION = 1;
				DEVELOPMENT_TEAM = 2UZAVNXXC5;
				GENERATE_INFOPLIST_FILE = YES;
				IPHONEOS_DEPLOYMENT_TARGET = 17.2;
				MARKETING_VERSION = 1.0;
				PRODUCT_BUNDLE_IDENTIFIER = com.konasl.FinanceManagerTests;
				PRODUCT_NAME = "$(TARGET_NAME)";
				SWIFT_EMIT_LOC_STRINGS = NO;
				SWIFT_VERSION = 5.0;
				TARGETED_DEVICE_FAMILY = "1,2";
				TEST_HOST = "$(BUILT_PRODUCTS_DIR)/FinanceManager.app/$(BUNDLE_EXECUTABLE_FOLDER_PATH)/FinanceManager";
			};
			name = Release;
		};
		526E435F2C9865100017C3DE /* Debug */ = {
			isa = XCBuildConfiguration;
			buildSettings = {
				ALWAYS_EMBED_SWIFT_STANDARD_LIBRARIES = YES;
				CODE_SIGN_STYLE = Automatic;
				CURRENT_PROJECT_VERSION = 1;
				DEVELOPMENT_TEAM = 2UZAVNXXC5;
				GENERATE_INFOPLIST_FILE = YES;
				MARKETING_VERSION = 1.0;
				PRODUCT_BUNDLE_IDENTIFIER = com.konasl.FinanceManagerUITests;
				PRODUCT_NAME = "$(TARGET_NAME)";
				SWIFT_EMIT_LOC_STRINGS = NO;
				SWIFT_VERSION = 5.0;
				TARGETED_DEVICE_FAMILY = "1,2";
				TEST_TARGET_NAME = FinanceManager;
			};
			name = Debug;
		};
		526E43602C9865100017C3DE /* Release */ = {
			isa = XCBuildConfiguration;
			buildSettings = {
				ALWAYS_EMBED_SWIFT_STANDARD_LIBRARIES = YES;
				CODE_SIGN_STYLE = Automatic;
				CURRENT_PROJECT_VERSION = 1;
				DEVELOPMENT_TEAM = 2UZAVNXXC5;
				GENERATE_INFOPLIST_FILE = YES;
				MARKETING_VERSION = 1.0;
				PRODUCT_BUNDLE_IDENTIFIER = com.konasl.FinanceManagerUITests;
				PRODUCT_NAME = "$(TARGET_NAME)";
				SWIFT_EMIT_LOC_STRINGS = NO;
				SWIFT_VERSION = 5.0;
				TARGETED_DEVICE_FAMILY = "1,2";
				TEST_TARGET_NAME = FinanceManager;
			};
			name = Release;
		};
/* End XCBuildConfiguration section */

/* Begin XCConfigurationList section */
		526E432F2C98650C0017C3DE /* Build configuration list for PBXProject "FinanceManager" */ = {
			isa = XCConfigurationList;
			buildConfigurations = (
				526E43562C9865100017C3DE /* Debug */,
				526E43572C9865100017C3DE /* Release */,
			);
			defaultConfigurationIsVisible = 0;
			defaultConfigurationName = Release;
		};
		526E43582C9865100017C3DE /* Build configuration list for PBXNativeTarget "FinanceManager" */ = {
			isa = XCConfigurationList;
			buildConfigurations = (
				526E43592C9865100017C3DE /* Debug */,
				526E435A2C9865100017C3DE /* Release */,
			);
			defaultConfigurationIsVisible = 0;
			defaultConfigurationName = Release;
		};
		526E435B2C9865100017C3DE /* Build configuration list for PBXNativeTarget "FinanceManagerTests" */ = {
			isa = XCConfigurationList;
			buildConfigurations = (
				526E435C2C9865100017C3DE /* Debug */,
				526E435D2C9865100017C3DE /* Release */,
			);
			defaultConfigurationIsVisible = 0;
			defaultConfigurationName = Release;
		};
		526E435E2C9865100017C3DE /* Build configuration list for PBXNativeTarget "FinanceManagerUITests" */ = {
			isa = XCConfigurationList;
			buildConfigurations = (
				526E435F2C9865100017C3DE /* Debug */,
				526E43602C9865100017C3DE /* Release */,
			);
			defaultConfigurationIsVisible = 0;
			defaultConfigurationName = Release;
		};
/* End XCConfigurationList section */

/* Begin XCRemoteSwiftPackageReference section */
		529001652CA3258700E74455 /* XCRemoteSwiftPackageReference "firebase-ios-sdk" */ = {
			isa = XCRemoteSwiftPackageReference;
			repositoryURL = "https://github.com/firebase/firebase-ios-sdk";
			requirement = {
				kind = upToNextMajorVersion;
				minimumVersion = 11.2.0;
			};
		};
/* End XCRemoteSwiftPackageReference section */

/* Begin XCSwiftPackageProductDependency section */
		529001662CA3258800E74455 /* FirebaseAnalytics */ = {
			isa = XCSwiftPackageProductDependency;
			package = 529001652CA3258700E74455 /* XCRemoteSwiftPackageReference "firebase-ios-sdk" */;
			productName = FirebaseAnalytics;
		};
		529001682CA3258800E74455 /* FirebaseAnalyticsOnDeviceConversion */ = {
			isa = XCSwiftPackageProductDependency;
			package = 529001652CA3258700E74455 /* XCRemoteSwiftPackageReference "firebase-ios-sdk" */;
			productName = FirebaseAnalyticsOnDeviceConversion;
		};
		5290016C2CA3258800E74455 /* FirebaseAppCheck */ = {
			isa = XCSwiftPackageProductDependency;
			package = 529001652CA3258700E74455 /* XCRemoteSwiftPackageReference "firebase-ios-sdk" */;
			productName = FirebaseAppCheck;
		};
		5290016E2CA3258800E74455 /* FirebaseAppDistribution-Beta */ = {
			isa = XCSwiftPackageProductDependency;
			package = 529001652CA3258700E74455 /* XCRemoteSwiftPackageReference "firebase-ios-sdk" */;
			productName = "FirebaseAppDistribution-Beta";
		};
		529001702CA3258800E74455 /* FirebaseAuth */ = {
			isa = XCSwiftPackageProductDependency;
			package = 529001652CA3258700E74455 /* XCRemoteSwiftPackageReference "firebase-ios-sdk" */;
			productName = FirebaseAuth;
		};
		529001722CA3258800E74455 /* FirebaseAuthCombine-Community */ = {
			isa = XCSwiftPackageProductDependency;
			package = 529001652CA3258700E74455 /* XCRemoteSwiftPackageReference "firebase-ios-sdk" */;
			productName = "FirebaseAuthCombine-Community";
		};
		529001742CA3258800E74455 /* FirebaseCrashlytics */ = {
			isa = XCSwiftPackageProductDependency;
			package = 529001652CA3258700E74455 /* XCRemoteSwiftPackageReference "firebase-ios-sdk" */;
			productName = FirebaseCrashlytics;
		};
		529001762CA3258800E74455 /* FirebaseDatabase */ = {
			isa = XCSwiftPackageProductDependency;
			package = 529001652CA3258700E74455 /* XCRemoteSwiftPackageReference "firebase-ios-sdk" */;
			productName = FirebaseDatabase;
		};
		529001782CA3258800E74455 /* FirebaseDynamicLinks */ = {
			isa = XCSwiftPackageProductDependency;
			package = 529001652CA3258700E74455 /* XCRemoteSwiftPackageReference "firebase-ios-sdk" */;
			productName = FirebaseDynamicLinks;
		};
		5290017A2CA3258800E74455 /* FirebaseFirestore */ = {
			isa = XCSwiftPackageProductDependency;
			package = 529001652CA3258700E74455 /* XCRemoteSwiftPackageReference "firebase-ios-sdk" */;
			productName = FirebaseFirestore;
		};
		5290017C2CA3258800E74455 /* FirebaseFirestoreCombine-Community */ = {
			isa = XCSwiftPackageProductDependency;
			package = 529001652CA3258700E74455 /* XCRemoteSwiftPackageReference "firebase-ios-sdk" */;
			productName = "FirebaseFirestoreCombine-Community";
		};
		5290017E2CA3258800E74455 /* FirebaseFunctions */ = {
			isa = XCSwiftPackageProductDependency;
			package = 529001652CA3258700E74455 /* XCRemoteSwiftPackageReference "firebase-ios-sdk" */;
			productName = FirebaseFunctions;
		};
		529001802CA3258800E74455 /* FirebaseFunctionsCombine-Community */ = {
			isa = XCSwiftPackageProductDependency;
			package = 529001652CA3258700E74455 /* XCRemoteSwiftPackageReference "firebase-ios-sdk" */;
			productName = "FirebaseFunctionsCombine-Community";
		};
		529001822CA3258800E74455 /* FirebaseInAppMessaging-Beta */ = {
			isa = XCSwiftPackageProductDependency;
			package = 529001652CA3258700E74455 /* XCRemoteSwiftPackageReference "firebase-ios-sdk" */;
			productName = "FirebaseInAppMessaging-Beta";
		};
		529001842CA3258800E74455 /* FirebaseInstallations */ = {
			isa = XCSwiftPackageProductDependency;
			package = 529001652CA3258700E74455 /* XCRemoteSwiftPackageReference "firebase-ios-sdk" */;
			productName = FirebaseInstallations;
		};
		529001862CA3258800E74455 /* FirebaseMLModelDownloader */ = {
			isa = XCSwiftPackageProductDependency;
			package = 529001652CA3258700E74455 /* XCRemoteSwiftPackageReference "firebase-ios-sdk" */;
			productName = FirebaseMLModelDownloader;
		};
		529001882CA3258800E74455 /* FirebaseMessaging */ = {
			isa = XCSwiftPackageProductDependency;
			package = 529001652CA3258700E74455 /* XCRemoteSwiftPackageReference "firebase-ios-sdk" */;
			productName = FirebaseMessaging;
		};
		5290018A2CA3258800E74455 /* FirebasePerformance */ = {
			isa = XCSwiftPackageProductDependency;
			package = 529001652CA3258700E74455 /* XCRemoteSwiftPackageReference "firebase-ios-sdk" */;
			productName = FirebasePerformance;
		};
		5290018C2CA3258800E74455 /* FirebaseRemoteConfig */ = {
			isa = XCSwiftPackageProductDependency;
			package = 529001652CA3258700E74455 /* XCRemoteSwiftPackageReference "firebase-ios-sdk" */;
			productName = FirebaseRemoteConfig;
		};
		5290018E2CA3258800E74455 /* FirebaseStorage */ = {
			isa = XCSwiftPackageProductDependency;
			package = 529001652CA3258700E74455 /* XCRemoteSwiftPackageReference "firebase-ios-sdk" */;
			productName = FirebaseStorage;
		};
		529001902CA3258800E74455 /* FirebaseStorageCombine-Community */ = {
			isa = XCSwiftPackageProductDependency;
			package = 529001652CA3258700E74455 /* XCRemoteSwiftPackageReference "firebase-ios-sdk" */;
			productName = "FirebaseStorageCombine-Community";
		};
		529001922CA3258800E74455 /* FirebaseVertexAI-Preview */ = {
			isa = XCSwiftPackageProductDependency;
			package = 529001652CA3258700E74455 /* XCRemoteSwiftPackageReference "firebase-ios-sdk" */;
			productName = "FirebaseVertexAI-Preview";
		};
/* End XCSwiftPackageProductDependency section */
	};
	rootObject = 526E432C2C98650C0017C3DE /* Project object */;
}
